
Microsoft Visual Studio Solution File, Format Version 12.00
# Visual Studio Version 16
VisualStudioVersion = 16.0.31515.178
MinimumVisualStudioVersion = 10.0.40219.1
Project("{FAE04EC0-301F-11D3-BF4B-00C04F79EFBC}") = "Proyecto_SITS", "Proyecto_SITS.csproj", "{D3372D41-F61F-4886-BFFD-CDB2DE9CDEBE}"
EndProject
Global
	GlobalSection(SolutionConfigurationPlatforms) = preSolution
		Debug|Any CPU = Debug|Any CPU
		Release|Any CPU = Release|Any CPU
	EndGlobalSection
	GlobalSection(ProjectConfigurationPlatforms) = postSolution
		{D3372D41-F61F-4886-BFFD-CDB2DE9CDEBE}.Debug|Any CPU.ActiveCfg = Debug|Any CPU
		{D3372D41-F61F-4886-BFFD-CDB2DE9CDEBE}.Debug|Any CPU.Build.0 = Debug|Any CPU
		{D3372D41-F61F-4886-BFFD-CDB2DE9CDEBE}.Release|Any CPU.ActiveCfg = Release|Any CPU
		{D3372D41-F61F-4886-BFFD-CDB2DE9CDEBE}.Release|Any CPU.Build.0 = Release|Any CPU
	EndGlobalSection
	GlobalSection(SolutionProperties) = preSolution
		HideSolutionNode = FALSE
	EndGlobalSection
	GlobalSection(ExtensibilityGlobals) = postSolution
		SolutionGuid = {5D0A3575-7073-4593-84BF-2228109F06B3}
	EndGlobalSection
EndGlobal
